// !$*UTF8*$!
{
	archiveVersion = 1;
	classes = {
	};
	objectVersion = 56;
	objects = {

/* Begin PBXBuildFile section */
		61035E5A2C126CCE00DF02EB /* BBQuotes17App.swift in Sources */ = {isa = PBXBuildFile; fileRef = 61035E592C126CCE00DF02EB /* BBQuotes17App.swift */; };
		61035E5C2C126CCE00DF02EB /* ContentView.swift in Sources */ = {isa = PBXBuildFile; fileRef = 61035E5B2C126CCE00DF02EB /* ContentView.swift */; };
		61035E5E2C126CCF00DF02EB /* Assets.xcassets in Resources */ = {isa = PBXBuildFile; fileRef = 61035E5D2C126CCF00DF02EB /* Assets.xcassets */; };
		61035E612C126CCF00DF02EB /* Preview Assets.xcassets in Resources */ = {isa = PBXBuildFile; fileRef = 61035E602C126CCF00DF02EB /* Preview Assets.xcassets */; };
		61035E6B2C126DE900DF02EB /* samplequote.json in Resources */ = {isa = PBXBuildFile; fileRef = 61035E682C126DE900DF02EB /* samplequote.json */; };
		61035E6C2C126DE900DF02EB /* sampledeath.json in Resources */ = {isa = PBXBuildFile; fileRef = 61035E692C126DE900DF02EB /* sampledeath.json */; };
		61035E6D2C126DE900DF02EB /* samplecharacter.json in Resources */ = {isa = PBXBuildFile; fileRef = 61035E6A2C126DE900DF02EB /* samplecharacter.json */; };
		61035E6F2C1272FB00DF02EB /* Quote.swift in Sources */ = {isa = PBXBuildFile; fileRef = 61035E6E2C1272FB00DF02EB /* Quote.swift */; };
		61035E712C12735B00DF02EB /* Character.swift in Sources */ = {isa = PBXBuildFile; fileRef = 61035E702C12735B00DF02EB /* Character.swift */; };
		61035E732C12743500DF02EB /* Death.swift in Sources */ = {isa = PBXBuildFile; fileRef = 61035E722C12743500DF02EB /* Death.swift */; };
		61035E752C129A6B00DF02EB /* FetchService.swift in Sources */ = {isa = PBXBuildFile; fileRef = 61035E742C129A6B00DF02EB /* FetchService.swift */; };
		61035E772C12A4CB00DF02EB /* ViewModel.swift in Sources */ = {isa = PBXBuildFile; fileRef = 61035E762C12A4CB00DF02EB /* ViewModel.swift */; };
		6107891D2C226DA5005EB921 /* StringExt.swift in Sources */ = {isa = PBXBuildFile; fileRef = 6107891C2C226DA5005EB921 /* StringExt.swift */; };
		610789202C226FE0005EB921 /* Constants.swift in Sources */ = {isa = PBXBuildFile; fileRef = 6107891F2C226FE0005EB921 /* Constants.swift */; };
		610789222C2271FC005EB921 /* Episode.swift in Sources */ = {isa = PBXBuildFile; fileRef = 610789212C2271FC005EB921 /* Episode.swift */; };
		616CB9F72C19348200172D4E /* FetchView.swift in Sources */ = {isa = PBXBuildFile; fileRef = 616CB9F62C19348200172D4E /* FetchView.swift */; };
		61E3744E2C2116F100152427 /* CharacterView.swift in Sources */ = {isa = PBXBuildFile; fileRef = 61E3744D2C2116F100152427 /* CharacterView.swift */; };
		61E374502C212DCC00152427 /* sampleepisode.json in Resources */ = {isa = PBXBuildFile; fileRef = 61E3744F2C212DCC00152427 /* sampleepisode.json */; };
/* End PBXBuildFile section */

/* Begin PBXFileReference section */
		61035E562C126CCE00DF02EB /* BBQuotes17.app */ = {isa = PBXFileReference; explicitFileType = wrapper.application; includeInIndex = 0; path = BBQuotes17.app; sourceTree = BUILT_PRODUCTS_DIR; };
		61035E592C126CCE00DF02EB /* BBQuotes17App.swift */ = {isa = PBXFileReference; lastKnownFileType = sourcecode.swift; path = BBQuotes17App.swift; sourceTree = "<group>"; };
		61035E5B2C126CCE00DF02EB /* ContentView.swift */ = {isa = PBXFileReference; lastKnownFileType = sourcecode.swift; path = ContentView.swift; sourceTree = "<group>"; };
		61035E5D2C126CCF00DF02EB /* Assets.xcassets */ = {isa = PBXFileReference; lastKnownFileType = folder.assetcatalog; path = Assets.xcassets; sourceTree = "<group>"; };
		61035E602C126CCF00DF02EB /* Preview Assets.xcassets */ = {isa = PBXFileReference; lastKnownFileType = folder.assetcatalog; path = "Preview Assets.xcassets"; sourceTree = "<group>"; };
		61035E682C126DE900DF02EB /* samplequote.json */ = {isa = PBXFileReference; fileEncoding = 4; lastKnownFileType = text.json; path = samplequote.json; sourceTree = "<group>"; };
		61035E692C126DE900DF02EB /* sampledeath.json */ = {isa = PBXFileReference; fileEncoding = 4; lastKnownFileType = text.json; path = sampledeath.json; sourceTree = "<group>"; };
		61035E6A2C126DE900DF02EB /* samplecharacter.json */ = {isa = PBXFileReference; fileEncoding = 4; lastKnownFileType = text.json; path = samplecharacter.json; sourceTree = "<group>"; };
		61035E6E2C1272FB00DF02EB /* Quote.swift */ = {isa = PBXFileReference; lastKnownFileType = sourcecode.swift; path = Quote.swift; sourceTree = "<group>"; };
		61035E702C12735B00DF02EB /* Character.swift */ = {isa = PBXFileReference; lastKnownFileType = sourcecode.swift; path = Character.swift; sourceTree = "<group>"; };
		61035E722C12743500DF02EB /* Death.swift */ = {isa = PBXFileReference; lastKnownFileType = sourcecode.swift; path = Death.swift; sourceTree = "<group>"; };
		61035E742C129A6B00DF02EB /* FetchService.swift */ = {isa = PBXFileReference; lastKnownFileType = sourcecode.swift; path = FetchService.swift; sourceTree = "<group>"; };
		61035E762C12A4CB00DF02EB /* ViewModel.swift */ = {isa = PBXFileReference; lastKnownFileType = sourcecode.swift; path = ViewModel.swift; sourceTree = "<group>"; };
		6107891C2C226DA5005EB921 /* StringExt.swift */ = {isa = PBXFileReference; lastKnownFileType = sourcecode.swift; path = StringExt.swift; sourceTree = "<group>"; };
		6107891F2C226FE0005EB921 /* Constants.swift */ = {isa = PBXFileReference; lastKnownFileType = sourcecode.swift; path = Constants.swift; sourceTree = "<group>"; };
		610789212C2271FC005EB921 /* Episode.swift */ = {isa = PBXFileReference; lastKnownFileType = sourcecode.swift; path = Episode.swift; sourceTree = "<group>"; };
		616CB9F62C19348200172D4E /* FetchView.swift */ = {isa = PBXFileReference; lastKnownFileType = sourcecode.swift; path = FetchView.swift; sourceTree = "<group>"; };
		61E3744D2C2116F100152427 /* CharacterView.swift */ = {isa = PBXFileReference; lastKnownFileType = sourcecode.swift; path = CharacterView.swift; sourceTree = "<group>"; };
		61E3744F2C212DCC00152427 /* sampleepisode.json */ = {isa = PBXFileReference; fileEncoding = 4; lastKnownFileType = text.json; path = sampleepisode.json; sourceTree = "<group>"; };
/* End PBXFileReference section */

/* Begin PBXFrameworksBuildPhase section */
		61035E532C126CCE00DF02EB /* Frameworks */ = {
			isa = PBXFrameworksBuildPhase;
			buildActionMask = 2147483647;
			files = (
			);
			runOnlyForDeploymentPostprocessing = 0;
		};
/* End PBXFrameworksBuildPhase section */

/* Begin PBXGroup section */
		61035E4D2C126CCE00DF02EB = {
			isa = PBXGroup;
			children = (
				61035E582C126CCE00DF02EB /* BBQuotes17 */,
				61035E572C126CCE00DF02EB /* Products */,
			);
			sourceTree = "<group>";
		};
		61035E572C126CCE00DF02EB /* Products */ = {
			isa = PBXGroup;
			children = (
				61035E562C126CCE00DF02EB /* BBQuotes17.app */,
			);
			name = Products;
			sourceTree = "<group>";
		};
		61035E582C126CCE00DF02EB /* BBQuotes17 */ = {
			isa = PBXGroup;
			children = (
				61035E592C126CCE00DF02EB /* BBQuotes17App.swift */,
				61035E5B2C126CCE00DF02EB /* ContentView.swift */,
				616CB9F62C19348200172D4E /* FetchView.swift */,
				61E3744D2C2116F100152427 /* CharacterView.swift */,
				61035E762C12A4CB00DF02EB /* ViewModel.swift */,
				61035E742C129A6B00DF02EB /* FetchService.swift */,
				61035E6E2C1272FB00DF02EB /* Quote.swift */,
				61035E702C12735B00DF02EB /* Character.swift */,
				61035E722C12743500DF02EB /* Death.swift */,
				610789212C2271FC005EB921 /* Episode.swift */,
				6107891C2C226DA5005EB921 /* StringExt.swift */,
				6107891F2C226FE0005EB921 /* Constants.swift */,
				61035E5D2C126CCF00DF02EB /* Assets.xcassets */,
				61035E672C126DD000DF02EB /* SampleData */,
				61035E5F2C126CCF00DF02EB /* Preview Content */,
			);
			path = BBQuotes17;
			sourceTree = "<group>";
		};
		61035E5F2C126CCF00DF02EB /* Preview Content */ = {
			isa = PBXGroup;
			children = (
				61035E602C126CCF00DF02EB /* Preview Assets.xcassets */,
			);
			path = "Preview Content";
			sourceTree = "<group>";
		};
		61035E672C126DD000DF02EB /* SampleData */ = {
			isa = PBXGroup;
			children = (
				61E3744F2C212DCC00152427 /* sampleepisode.json */,
				61035E6A2C126DE900DF02EB /* samplecharacter.json */,
				61035E692C126DE900DF02EB /* sampledeath.json */,
				61035E682C126DE900DF02EB /* samplequote.json */,
			);
			path = SampleData;
			sourceTree = "<group>";
		};
/* End PBXGroup section */

/* Begin PBXNativeTarget section */
		61035E552C126CCE00DF02EB /* BBQuotes17 */ = {
			isa = PBXNativeTarget;
			buildConfigurationList = 61035E642C126CCF00DF02EB /* Build configuration list for PBXNativeTarget "BBQuotes17" */;
			buildPhases = (
				61035E522C126CCE00DF02EB /* Sources */,
				61035E532C126CCE00DF02EB /* Frameworks */,
				61035E542C126CCE00DF02EB /* Resources */,
			);
			buildRules = (
			);
			dependencies = (
			);
			name = BBQuotes17;
			productName = BBQuotes17;
			productReference = 61035E562C126CCE00DF02EB /* BBQuotes17.app */;
			productType = "com.apple.product-type.application";
		};
/* End PBXNativeTarget section */

/* Begin PBXProject section */
		61035E4E2C126CCE00DF02EB /* Project object */ = {
			isa = PBXProject;
			attributes = {
				BuildIndependentTargetsInParallel = 1;
				LastSwiftUpdateCheck = 1500;
				LastUpgradeCheck = 1500;
				TargetAttributes = {
					61035E552C126CCE00DF02EB = {
						CreatedOnToolsVersion = 15.0;
					};
				};
			};
			buildConfigurationList = 61035E512C126CCE00DF02EB /* Build configuration list for PBXProject "BBQuotes17" */;
			compatibilityVersion = "Xcode 14.0";
			developmentRegion = en;
			hasScannedForEncodings = 0;
			knownRegions = (
				en,
				Base,
			);
			mainGroup = 61035E4D2C126CCE00DF02EB;
			productRefGroup = 61035E572C126CCE00DF02EB /* Products */;
			projectDirPath = "";
			projectRoot = "";
			targets = (
				61035E552C126CCE00DF02EB /* BBQuotes17 */,
			);
		};
/* End PBXProject section */

/* Begin PBXResourcesBuildPhase section */
		61035E542C126CCE00DF02EB /* Resources */ = {
			isa = PBXResourcesBuildPhase;
			buildActionMask = 2147483647;
			files = (
				61035E6C2C126DE900DF02EB /* sampledeath.json in Resources */,
				61E374502C212DCC00152427 /* sampleepisode.json in Resources */,
				61035E612C126CCF00DF02EB /* Preview Assets.xcassets in Resources */,
				61035E6D2C126DE900DF02EB /* samplecharacter.json in Resources */,
				61035E6B2C126DE900DF02EB /* samplequote.json in Resources */,
				61035E5E2C126CCF00DF02EB /* Assets.xcassets in Resources */,
			);
			runOnlyForDeploymentPostprocessing = 0;
		};
/* End PBXResourcesBuildPhase section */

/* Begin PBXSourcesBuildPhase section */
		61035E522C126CCE00DF02EB /* Sources */ = {
			isa = PBXSourcesBuildPhase;
			buildActionMask = 2147483647;
			files = (
				61035E732C12743500DF02EB /* Death.swift in Sources */,
				610789222C2271FC005EB921 /* Episode.swift in Sources */,
				610789202C226FE0005EB921 /* Constants.swift in Sources */,
				61035E5C2C126CCE00DF02EB /* ContentView.swift in Sources */,
				61035E6F2C1272FB00DF02EB /* Quote.swift in Sources */,
				616CB9F72C19348200172D4E /* FetchView.swift in Sources */,
				6107891D2C226DA5005EB921 /* StringExt.swift in Sources */,
				61035E5A2C126CCE00DF02EB /* BBQuotes17App.swift in Sources */,
				61035E752C129A6B00DF02EB /* FetchService.swift in Sources */,
				61E3744E2C2116F100152427 /* CharacterView.swift in Sources */,
				61035E712C12735B00DF02EB /* Character.swift in Sources */,
				61035E772C12A4CB00DF02EB /* ViewModel.swift in Sources */,
			);
			runOnlyForDeploymentPostprocessing = 0;
		};
/* End PBXSourcesBuildPhase section */

/* Begin XCBuildConfiguration section */
		61035E622C126CCF00DF02EB /* Debug */ = {
			isa = XCBuildConfiguration;
			buildSettings = {
				ALWAYS_SEARCH_USER_PATHS = NO;
				ASSETCATALOG_COMPILER_GENERATE_SWIFT_ASSET_SYMBOL_EXTENSIONS = YES;
				CLANG_ANALYZER_NONNULL = YES;
				CLANG_ANALYZER_NUMBER_OBJECT_CONVERSION = YES_AGGRESSIVE;
				CLANG_CXX_LANGUAGE_STANDARD = "gnu++20";
				CLANG_ENABLE_MODULES = YES;
				CLANG_ENABLE_OBJC_ARC = YES;
				CLANG_ENABLE_OBJC_WEAK = YES;
				CLANG_WARN_BLOCK_CAPTURE_AUTORELEASING = YES;
				CLANG_WARN_BOOL_CONVERSION = YES;
				CLANG_WARN_COMMA = YES;
				CLANG_WARN_CONSTANT_CONVERSION = YES;
				CLANG_WARN_DEPRECATED_OBJC_IMPLEMENTATIONS = YES;
				CLANG_WARN_DIRECT_OBJC_ISA_USAGE = YES_ERROR;
				CLANG_WARN_DOCUMENTATION_COMMENTS = YES;
				CLANG_WARN_EMPTY_BODY = YES;
				CLANG_WARN_ENUM_CONVERSION = YES;
				CLANG_WARN_INFINITE_RECURSION = YES;
				CLANG_WARN_INT_CONVERSION = YES;
				CLANG_WARN_NON_LITERAL_NULL_CONVERSION = YES;
				CLANG_WARN_OBJC_IMPLICIT_RETAIN_SELF = YES;
				CLANG_WARN_OBJC_LITERAL_CONVERSION = YES;
				CLANG_WARN_OBJC_ROOT_CLASS = YES_ERROR;
				CLANG_WARN_QUOTED_INCLUDE_IN_FRAMEWORK_HEADER = YES;
				CLANG_WARN_RANGE_LOOP_ANALYSIS = YES;
				CLANG_WARN_STRICT_PROTOTYPES = YES;
				CLANG_WARN_SUSPICIOUS_MOVE = YES;
				CLANG_WARN_UNGUARDED_AVAILABILITY = YES_AGGRESSIVE;
				CLANG_WARN_UNREACHABLE_CODE = YES;
				CLANG_WARN__DUPLICATE_METHOD_MATCH = YES;
				COPY_PHASE_STRIP = NO;
				DEBUG_INFORMATION_FORMAT = dwarf;
				ENABLE_STRICT_OBJC_MSGSEND = YES;
				ENABLE_TESTABILITY = YES;
				ENABLE_USER_SCRIPT_SANDBOXING = YES;
				GCC_C_LANGUAGE_STANDARD = gnu17;
				GCC_DYNAMIC_NO_PIC = NO;
				GCC_NO_COMMON_BLOCKS = YES;
				GCC_OPTIMIZATION_LEVEL = 0;
				GCC_PREPROCESSOR_DEFINITIONS = (
					"DEBUG=1",
					"$(inherited)",
				);
				GCC_WARN_64_TO_32_BIT_CONVERSION = YES;
				GCC_WARN_ABOUT_RETURN_TYPE = YES_ERROR;
				GCC_WARN_UNDECLARED_SELECTOR = YES;
				GCC_WARN_UNINITIALIZED_AUTOS = YES_AGGRESSIVE;
				GCC_WARN_UNUSED_FUNCTION = YES;
				GCC_WARN_UNUSED_VARIABLE = YES;
				IPHONEOS_DEPLOYMENT_TARGET = 17.0;
				LOCALIZATION_PREFERS_STRING_CATALOGS = YES;
				MTL_ENABLE_DEBUG_INFO = INCLUDE_SOURCE;
				MTL_FAST_MATH = YES;
				ONLY_ACTIVE_ARCH = YES;
				SDKROOT = iphoneos;
				SWIFT_ACTIVE_COMPILATION_CONDITIONS = "DEBUG $(inherited)";
				SWIFT_OPTIMIZATION_LEVEL = "-Onone";
			};
			name = Debug;
		};
		61035E632C126CCF00DF02EB /* Release */ = {
			isa = XCBuildConfiguration;
			buildSettings = {
				ALWAYS_SEARCH_USER_PATHS = NO;
				ASSETCATALOG_COMPILER_GENERATE_SWIFT_ASSET_SYMBOL_EXTENSIONS = YES;
				CLANG_ANALYZER_NONNULL = YES;
				CLANG_ANALYZER_NUMBER_OBJECT_CONVERSION = YES_AGGRESSIVE;
				CLANG_CXX_LANGUAGE_STANDARD = "gnu++20";
				CLANG_ENABLE_MODULES = YES;
				CLANG_ENABLE_OBJC_ARC = YES;
				CLANG_ENABLE_OBJC_WEAK = YES;
				CLANG_WARN_BLOCK_CAPTURE_AUTORELEASING = YES;
				CLANG_WARN_BOOL_CONVERSION = YES;
				CLANG_WARN_COMMA = YES;
				CLANG_WARN_CONSTANT_CONVERSION = YES;
				CLANG_WARN_DEPRECATED_OBJC_IMPLEMENTATIONS = YES;
				CLANG_WARN_DIRECT_OBJC_ISA_USAGE = YES_ERROR;
				CLANG_WARN_DOCUMENTATION_COMMENTS = YES;
				CLANG_WARN_EMPTY_BODY = YES;
				CLANG_WARN_ENUM_CONVERSION = YES;
				CLANG_WARN_INFINITE_RECURSION = YES;
				CLANG_WARN_INT_CONVERSION = YES;
				CLANG_WARN_NON_LITERAL_NULL_CONVERSION = YES;
				CLANG_WARN_OBJC_IMPLICIT_RETAIN_SELF = YES;
				CLANG_WARN_OBJC_LITERAL_CONVERSION = YES;
				CLANG_WARN_OBJC_ROOT_CLASS = YES_ERROR;
				CLANG_WARN_QUOTED_INCLUDE_IN_FRAMEWORK_HEADER = YES;
				CLANG_WARN_RANGE_LOOP_ANALYSIS = YES;
				CLANG_WARN_STRICT_PROTOTYPES = YES;
				CLANG_WARN_SUSPICIOUS_MOVE = YES;
				CLANG_WARN_UNGUARDED_AVAILABILITY = YES_AGGRESSIVE;
				CLANG_WARN_UNREACHABLE_CODE = YES;
				CLANG_WARN__DUPLICATE_METHOD_MATCH = YES;
				COPY_PHASE_STRIP = NO;
				DEBUG_INFORMATION_FORMAT = "dwarf-with-dsym";
				ENABLE_NS_ASSERTIONS = NO;
				ENABLE_STRICT_OBJC_MSGSEND = YES;
				ENABLE_USER_SCRIPT_SANDBOXING = YES;
				GCC_C_LANGUAGE_STANDARD = gnu17;
				GCC_NO_COMMON_BLOCKS = YES;
				GCC_WARN_64_TO_32_BIT_CONVERSION = YES;
				GCC_WARN_ABOUT_RETURN_TYPE = YES_ERROR;
				GCC_WARN_UNDECLARED_SELECTOR = YES;
				GCC_WARN_UNINITIALIZED_AUTOS = YES_AGGRESSIVE;
				GCC_WARN_UNUSED_FUNCTION = YES;
				GCC_WARN_UNUSED_VARIABLE = YES;
				IPHONEOS_DEPLOYMENT_TARGET = 17.0;
				LOCALIZATION_PREFERS_STRING_CATALOGS = YES;
				MTL_ENABLE_DEBUG_INFO = NO;
				MTL_FAST_MATH = YES;
				SDKROOT = iphoneos;
				SWIFT_COMPILATION_MODE = wholemodule;
				VALIDATE_PRODUCT = YES;
			};
			name = Release;
		};
		61035E652C126CCF00DF02EB /* Debug */ = {
			isa = XCBuildConfiguration;
			buildSettings = {
				ASSETCATALOG_COMPILER_APPICON_NAME = AppIcon;
				ASSETCATALOG_COMPILER_GLOBAL_ACCENT_COLOR_NAME = AccentColor;
				CODE_SIGN_STYLE = Automatic;
				CURRENT_PROJECT_VERSION = 1;
				DEVELOPMENT_ASSET_PATHS = "\"BBQuotes17/Preview Content\"";
				DEVELOPMENT_TEAM = 6LKSUF5VU2;
				ENABLE_PREVIEWS = YES;
				GENERATE_INFOPLIST_FILE = YES;
				INFOPLIST_KEY_UIApplicationSceneManifest_Generation = YES;
				INFOPLIST_KEY_UIApplicationSupportsIndirectInputEvents = YES;
				INFOPLIST_KEY_UILaunchScreen_Generation = YES;
				INFOPLIST_KEY_UISupportedInterfaceOrientations_iPad = "UIInterfaceOrientationPortrait UIInterfaceOrientationPortraitUpsideDown UIInterfaceOrientationLandscapeLeft UIInterfaceOrientationLandscapeRight";
				INFOPLIST_KEY_UISupportedInterfaceOrientations_iPhone = "UIInterfaceOrientationPortrait UIInterfaceOrientationLandscapeLeft UIInterfaceOrientationLandscapeRight";
				LD_RUNPATH_SEARCH_PATHS = (
					"$(inherited)",
					"@executable_path/Frameworks",
				);
				MARKETING_VERSION = 1.0;
				PRODUCT_BUNDLE_IDENTIFIER = com.cloviscarmezini.BBQuotes17;
				PRODUCT_NAME = "$(TARGET_NAME)";
				SWIFT_EMIT_LOC_STRINGS = YES;
				SWIFT_VERSION = 5.0;
				TARGETED_DEVICE_FAMILY = "1,2";
			};
			name = Debug;
		};
		61035E662C126CCF00DF02EB /* Release */ = {
			isa = XCBuildConfiguration;
			buildSettings = {
				ASSETCATALOG_COMPILER_APPICON_NAME = AppIcon;
				ASSETCATALOG_COMPILER_GLOBAL_ACCENT_COLOR_NAME = AccentColor;
				CODE_SIGN_STYLE = Automatic;
				CURRENT_PROJECT_VERSION = 1;
				DEVELOPMENT_ASSET_PATHS = "\"BBQuotes17/Preview Content\"";
				DEVELOPMENT_TEAM = 6LKSUF5VU2;
				ENABLE_PREVIEWS = YES;
				GENERATE_INFOPLIST_FILE = YES;
				INFOPLIST_KEY_UIApplicationSceneManifest_Generation = YES;
				INFOPLIST_KEY_UIApplicationSupportsIndirectInputEvents = YES;
				INFOPLIST_KEY_UILaunchScreen_Generation = YES;
				INFOPLIST_KEY_UISupportedInterfaceOrientations_iPad = "UIInterfaceOrientationPortrait UIInterfaceOrientationPortraitUpsideDown UIInterfaceOrientationLandscapeLeft UIInterfaceOrientationLandscapeRight";
				INFOPLIST_KEY_UISupportedInterfaceOrientations_iPhone = "UIInterfaceOrientationPortrait UIInterfaceOrientationLandscapeLeft UIInterfaceOrientationLandscapeRight";
				LD_RUNPATH_SEARCH_PATHS = (
					"$(inherited)",
					"@executable_path/Frameworks",
				);
				MARKETING_VERSION = 1.0;
				PRODUCT_BUNDLE_IDENTIFIER = com.cloviscarmezini.BBQuotes17;
				PRODUCT_NAME = "$(TARGET_NAME)";
				SWIFT_EMIT_LOC_STRINGS = YES;
				SWIFT_VERSION = 5.0;
				TARGETED_DEVICE_FAMILY = "1,2";
			};
			name = Release;
		};
/* End XCBuildConfiguration section */

/* Begin XCConfigurationList section */
		61035E512C126CCE00DF02EB /* Build configuration list for PBXProject "BBQuotes17" */ = {
			isa = XCConfigurationList;
			buildConfigurations = (
				61035E622C126CCF00DF02EB /* Debug */,
				61035E632C126CCF00DF02EB /* Release */,
			);
			defaultConfigurationIsVisible = 0;
			defaultConfigurationName = Release;
		};
		61035E642C126CCF00DF02EB /* Build configuration list for PBXNativeTarget "BBQuotes17" */ = {
			isa = XCConfigurationList;
			buildConfigurations = (
				61035E652C126CCF00DF02EB /* Debug */,
				61035E662C126CCF00DF02EB /* Release */,
			);
			defaultConfigurationIsVisible = 0;
			defaultConfigurationName = Release;
		};
/* End XCConfigurationList section */
	};
	rootObject = 61035E4E2C126CCE00DF02EB /* Project object */;
}
